
Microsoft Visual Studio Solution File, Format Version 12.00
# Visual Studio Version 17
VisualStudioVersion = 17.14.37301.10 d17.14
MinimumVisualStudioVersion = 10.0.40219.1
Project("{FAE04EC0-301F-11D3-BF4B-00C04F79EFBC}") = "image_ocr", "image_ocr\image_ocr.csproj", "{8D3B7B78-2EB8-48E0-8AEA-55C52127EF01}"
EndProject
Global
	GlobalSection(SolutionConfigurationPlatforms) = preSolution
		Debug|Any CPU = Debug|Any CPU
		Release|Any CPU = Release|Any CPU
	EndGlobalSection
	GlobalSection(ProjectConfigurationPlatforms) = postSolution
		{8D3B7B78-2EB8-48E0-8AEA-55C52127EF01}.Debug|Any CPU.ActiveCfg = Debug|Any CPU
		{8D3B7B78-2EB8-48E0-8AEA-55C52127EF01}.Debug|Any CPU.Build.0 = Debug|Any CPU
		{8D3B7B78-2EB8-48E0-8AEA-55C52127EF01}.Release|Any CPU.ActiveCfg = Release|Any CPU
		{8D3B7B78-2EB8-48E0-8AEA-55C52127EF01}.Release|Any CPU.Build.0 = Release|Any CPU
	EndGlobalSection
	GlobalSection(SolutionProperties) = preSolution
		HideSolutionNode = FALSE
	EndGlobalSection
	GlobalSection(ExtensibilityGlobals) = postSolution
		SolutionGuid = {64055E17-DA8E-4945-B710-22C64D12327E}
	EndGlobalSection
EndGlobal
